#============================================================
# Build by Terasic System Builder
#============================================================

set_global_assignment -name FAMILY "Arria 10"
set_global_assignment -name DEVICE 10AX115N2F45E1SG
set_global_assignment -name TOP_LEVEL_ENTITY QSFP_TX_RX
set_global_assignment -name ORIGINAL_QUARTUS_VERSION 16.0.2
set_global_assignment -name LAST_QUARTUS_VERSION "17.0.0 Standard Edition"
set_global_assignment -name PROJECT_CREATION_TIME_DATE "09:24:44 MARCH 27,2026"
set_global_assignment -name DEVICE_FILTER_PACKAGE FBGA
set_global_assignment -name DEVICE_FILTER_PIN_COUNT 1932
set_global_assignment -name DEVICE_FILTER_SPEED_GRADE E1

#============================================================
# Termination Settings
#============================================================
set_instance_assignment -name XCVR_REFCLK_PIN_TERMINATION DC_COUPLING_EXTERNAL_RESISTOR -to PCIE_REFCLK_p
set_instance_assignment -name XCVR_IO_PIN_TERMINATION 100_OHMS -to PCIE_TX_p
set_instance_assignment -name XCVR_IO_PIN_TERMINATION 100_OHMS -to PCIE_RX_p
set_instance_assignment -name XCVR_REFCLK_PIN_TERMINATION AC_COUPLING -to OB_PCIE_REFCLK_p
set_instance_assignment -name XCVR_REFCLK_PIN_TERMINATION AC_COUPLING -to QSFPA_REFCLK_p
set_instance_assignment -name XCVR_IO_PIN_TERMINATION 100_OHMS -to QSFPA_RX_p
set_instance_assignment -name XCVR_IO_PIN_TERMINATION 100_OHMS -to QSFPA_TX_p


#============================================================
# Includes SI5340 Controller Files
#============================================================


#============================================================
# CLOCK
#============================================================
set_instance_assignment -name IO_STANDARD "1.8 V" -to CLKUSR_100
set_instance_assignment -name IO_STANDARD "1.8 V" -to CLK_100_B3D
set_instance_assignment -name IO_STANDARD "1.8 V" -to CLK_50_B2J
set_instance_assignment -name IO_STANDARD "1.8 V" -to CLK_50_B2L
set_instance_assignment -name IO_STANDARD "1.8 V" -to CLK_50_B3D
set_instance_assignment -name IO_STANDARD "1.8 V" -to CLK_50_B3F
set_instance_assignment -name IO_STANDARD "1.8 V" -to CLK_50_B3H
set_location_assignment PIN_AV26 -to CLKUSR_100
set_location_assignment PIN_AH11 -to CLK_100_B3D
set_location_assignment PIN_W36 -to CLK_50_B2J
set_location_assignment PIN_H32 -to CLK_50_B2L
set_location_assignment PIN_AN7 -to CLK_50_B3D
set_location_assignment PIN_G12 -to CLK_50_B3F
set_location_assignment PIN_D21 -to CLK_50_B3H

#============================================================
# KEY
#============================================================
set_instance_assignment -name IO_STANDARD "1.2 V" -to BUTTON[0]
set_instance_assignment -name IO_STANDARD "1.2 V" -to BUTTON[1]
set_instance_assignment -name IO_STANDARD "1.2 V" -to BUTTON[2]
set_instance_assignment -name IO_STANDARD "1.2 V" -to BUTTON[3]
set_instance_assignment -name IO_STANDARD "1.8 V" -to CPU_RESET_n
set_location_assignment PIN_AJ13 -to BUTTON[0]
set_location_assignment PIN_AE13 -to BUTTON[1]
set_location_assignment PIN_AV16 -to BUTTON[2]
set_location_assignment PIN_AR9 -to BUTTON[3]
set_location_assignment PIN_AP24 -to CPU_RESET_n

#============================================================
# SW
#============================================================
set_instance_assignment -name IO_STANDARD "1.2 V" -to SW[0]
set_instance_assignment -name IO_STANDARD "1.2 V" -to SW[1]
set_location_assignment PIN_AY28 -to SW[0]
set_location_assignment PIN_AM27 -to SW[1]

#============================================================
# LED
#============================================================
set_instance_assignment -name IO_STANDARD "1.8 V" -to LED[0]
set_instance_assignment -name IO_STANDARD "1.8 V" -to LED[1]
set_instance_assignment -name IO_STANDARD "1.8 V" -to LED[2]
set_instance_assignment -name IO_STANDARD "1.8 V" -to LED[3]
set_instance_assignment -name IO_STANDARD "1.8 V" -to LED_BRACKET[0]
set_instance_assignment -name IO_STANDARD "1.8 V" -to LED_BRACKET[1]
set_instance_assignment -name IO_STANDARD "1.8 V" -to LED_BRACKET[2]
set_instance_assignment -name IO_STANDARD "1.8 V" -to LED_BRACKET[3]
set_location_assignment PIN_T11 -to LED[0]
set_location_assignment PIN_R11 -to LED[1]
set_location_assignment PIN_N15 -to LED[2]
set_location_assignment PIN_M15 -to LED[3]
set_location_assignment PIN_AF10 -to LED_BRACKET[0]
set_location_assignment PIN_AF9 -to LED_BRACKET[1]
set_location_assignment PIN_Y13 -to LED_BRACKET[2]
set_location_assignment PIN_W11 -to LED_BRACKET[3]

#============================================================
# SEG7
#============================================================
set_instance_assignment -name IO_STANDARD "1.8 V" -to HEX0_DP
set_instance_assignment -name IO_STANDARD "1.2 V" -to HEX0_D[0]
set_instance_assignment -name IO_STANDARD "1.2 V" -to HEX0_D[1]
set_instance_assignment -name IO_STANDARD "1.2 V" -to HEX0_D[2]
set_instance_assignment -name IO_STANDARD "1.2 V" -to HEX0_D[3]
set_instance_assignment -name IO_STANDARD "1.2 V" -to HEX0_D[4]
set_instance_assignment -name IO_STANDARD "1.2 V" -to HEX0_D[5]
set_instance_assignment -name IO_STANDARD "1.8 V" -to HEX0_D[6]
set_instance_assignment -name IO_STANDARD "1.2 V" -to HEX1_DP
set_instance_assignment -name IO_STANDARD "1.2 V" -to HEX1_D[0]
set_instance_assignment -name IO_STANDARD "1.2 V" -to HEX1_D[1]
set_instance_assignment -name IO_STANDARD "1.2 V" -to HEX1_D[2]
set_instance_assignment -name IO_STANDARD "1.2 V" -to HEX1_D[3]
set_instance_assignment -name IO_STANDARD "1.2 V" -to HEX1_D[4]
set_instance_assignment -name IO_STANDARD "1.2 V" -to HEX1_D[5]
set_instance_assignment -name IO_STANDARD "1.2 V" -to HEX1_D[6]
set_location_assignment PIN_AG9 -to HEX0_DP
set_location_assignment PIN_AW8 -to HEX0_D[0]
set_location_assignment PIN_AY8 -to HEX0_D[1]
set_location_assignment PIN_AY9 -to HEX0_D[2]
set_location_assignment PIN_BA9 -to HEX0_D[3]
set_location_assignment PIN_BB9 -to HEX0_D[4]
set_location_assignment PIN_BD10 -to HEX0_D[5]
set_location_assignment PIN_V10 -to HEX0_D[6]
set_location_assignment PIN_BC28 -to HEX1_DP
set_location_assignment PIN_AM32 -to HEX1_D[0]
set_location_assignment PIN_AN32 -to HEX1_D[1]
set_location_assignment PIN_AN31 -to HEX1_D[2]
set_location_assignment PIN_AP31 -to HEX1_D[3]
set_location_assignment PIN_BA35 -to HEX1_D[4]
set_location_assignment PIN_BD34 -to HEX1_D[5]
set_location_assignment PIN_AR31 -to HEX1_D[6]

#============================================================
# FAN
#============================================================
set_instance_assignment -name IO_STANDARD "1.2 V" -to FAN_ALERT_n
set_instance_assignment -name IO_STANDARD "1.2 V" -to FAN_I2C_SCL
set_instance_assignment -name IO_STANDARD "1.2 V" -to FAN_I2C_SDA
set_location_assignment PIN_AL31 -to FAN_ALERT_n
set_location_assignment PIN_AJ33 -to FAN_I2C_SCL
set_location_assignment PIN_AL32 -to FAN_I2C_SDA

#============================================================
# SI5340A
#============================================================
set_instance_assignment -name IO_STANDARD "1.8 V" -to SI5340A_I2C_SCL
set_instance_assignment -name IO_STANDARD "1.8 V" -to SI5340A_I2C_SDA
set_instance_assignment -name IO_STANDARD "1.8 V" -to SI5340A_INTR
set_instance_assignment -name IO_STANDARD "1.8 V" -to SI5340A_OE_n
set_instance_assignment -name IO_STANDARD "1.8 V" -to SI5340A_RST_n
set_location_assignment PIN_AF11 -to SI5340A_I2C_SCL
set_location_assignment PIN_AE11 -to SI5340A_I2C_SDA
set_location_assignment PIN_AM6 -to SI5340A_INTR
set_location_assignment PIN_AJ10 -to SI5340A_OE_n
set_location_assignment PIN_AN6 -to SI5340A_RST_n

#============================================================
# SI5340B
#============================================================
set_instance_assignment -name IO_STANDARD "1.8 V" -to SI5340B_I2C_SCL
set_instance_assignment -name IO_STANDARD "1.8 V" -to SI5340B_I2C_SDA
set_instance_assignment -name IO_STANDARD "1.8 V" -to SI5340B_INTR
set_instance_assignment -name IO_STANDARD "1.8 V" -to SI5340B_OE_n
set_instance_assignment -name IO_STANDARD "1.8 V" -to SI5340B_RST_n
set_location_assignment PIN_G37 -to SI5340B_I2C_SCL
set_location_assignment PIN_H31 -to SI5340B_I2C_SDA
set_location_assignment PIN_G32 -to SI5340B_INTR
set_location_assignment PIN_BD24 -to SI5340B_OE_n
set_location_assignment PIN_G38 -to SI5340B_RST_n

#============================================================
# TPS40428
#============================================================
set_instance_assignment -name IO_STANDARD "1.8 V" -to TPS40428_ALERT
set_instance_assignment -name IO_STANDARD "1.8 V" -to TPS40428_CLK
set_instance_assignment -name IO_STANDARD "1.8 V" -to TPS40428_DATA
set_location_assignment PIN_V36 -to TPS40428_ALERT
set_location_assignment PIN_A24 -to TPS40428_CLK
set_location_assignment PIN_A25 -to TPS40428_DATA

#============================================================
# Temperature
#============================================================
set_instance_assignment -name IO_STANDARD "1.2 V" -to TEMP_I2C_SCL
set_instance_assignment -name IO_STANDARD "1.2 V" -to TEMP_I2C_SDA
set_instance_assignment -name IO_STANDARD "1.2 V" -to TEMP_INT_n
set_instance_assignment -name IO_STANDARD "1.2 V" -to TEMP_OVERT_n
set_location_assignment PIN_AW11 -to TEMP_I2C_SCL
set_location_assignment PIN_AY12 -to TEMP_I2C_SDA
set_location_assignment PIN_AU12 -to TEMP_INT_n
set_location_assignment PIN_AT14 -to TEMP_OVERT_n

#============================================================
# POWER Monitor
#============================================================
set_instance_assignment -name IO_STANDARD "1.8 V" -to POWER_MONITOR_ALERT
set_instance_assignment -name IO_STANDARD "1.8 V" -to POWER_MONITOR_I2C_SCL
set_instance_assignment -name IO_STANDARD "1.8 V" -to POWER_MONITOR_I2C_SDA
set_location_assignment PIN_BD23 -to POWER_MONITOR_ALERT
set_location_assignment PIN_AT26 -to POWER_MONITOR_I2C_SCL
set_location_assignment PIN_AP25 -to POWER_MONITOR_I2C_SDA

#============================================================
# PCIE
#============================================================
set_instance_assignment -name IO_STANDARD "1.8 V" -to PCIE_PERST_n
set_instance_assignment -name IO_STANDARD HCSL -to PCIE_REFCLK_p
set_instance_assignment -name IO_STANDARD "HSSI DIFFERENTIAL I/O" -to PCIE_RX_p[0]
set_instance_assignment -name IO_STANDARD "HSSI DIFFERENTIAL I/O" -to PCIE_RX_p[1]
set_instance_assignment -name IO_STANDARD "HSSI DIFFERENTIAL I/O" -to PCIE_RX_p[2]
set_instance_assignment -name IO_STANDARD "HSSI DIFFERENTIAL I/O" -to PCIE_RX_p[3]
set_instance_assignment -name IO_STANDARD "HSSI DIFFERENTIAL I/O" -to PCIE_RX_p[4]
set_instance_assignment -name IO_STANDARD "HSSI DIFFERENTIAL I/O" -to PCIE_RX_p[5]
set_instance_assignment -name IO_STANDARD "HSSI DIFFERENTIAL I/O" -to PCIE_RX_p[6]
set_instance_assignment -name IO_STANDARD "HSSI DIFFERENTIAL I/O" -to PCIE_RX_p[7]
set_instance_assignment -name IO_STANDARD "1.8 V" -to PCIE_SMBCLK
set_instance_assignment -name IO_STANDARD "1.8 V" -to PCIE_SMBDAT
set_instance_assignment -name IO_STANDARD "HSSI DIFFERENTIAL I/O" -to PCIE_TX_p[0]
set_instance_assignment -name IO_STANDARD "HSSI DIFFERENTIAL I/O" -to PCIE_TX_p[1]
set_instance_assignment -name IO_STANDARD "HSSI DIFFERENTIAL I/O" -to PCIE_TX_p[2]
set_instance_assignment -name IO_STANDARD "HSSI DIFFERENTIAL I/O" -to PCIE_TX_p[3]
set_instance_assignment -name IO_STANDARD "HSSI DIFFERENTIAL I/O" -to PCIE_TX_p[4]
set_instance_assignment -name IO_STANDARD "HSSI DIFFERENTIAL I/O" -to PCIE_TX_p[5]
set_instance_assignment -name IO_STANDARD "HSSI DIFFERENTIAL I/O" -to PCIE_TX_p[6]
set_instance_assignment -name IO_STANDARD "HSSI DIFFERENTIAL I/O" -to PCIE_TX_p[7]
set_instance_assignment -name IO_STANDARD "1.8 V" -to PCIE_WAKE_n
set_location_assignment PIN_AT25 -to PCIE_PERST_n
set_location_assignment PIN_AH40 -to PCIE_REFCLK_p
set_location_assignment PIN_AU42 -to PCIE_RX_p[0]
set_location_assignment PIN_AR42 -to PCIE_RX_p[1]
set_location_assignment PIN_AN42 -to PCIE_RX_p[2]
set_location_assignment PIN_AL42 -to PCIE_RX_p[3]
set_location_assignment PIN_AJ42 -to PCIE_RX_p[4]
set_location_assignment PIN_AG42 -to PCIE_RX_p[5]
set_location_assignment PIN_AE42 -to PCIE_RX_p[6]
set_location_assignment PIN_AC42 -to PCIE_RX_p[7]
set_location_assignment PIN_AM25 -to PCIE_SMBCLK
set_location_assignment PIN_AR24 -to PCIE_SMBDAT
set_location_assignment PIN_AV44 -to PCIE_TX_p[0]
set_location_assignment PIN_AT44 -to PCIE_TX_p[1]
set_location_assignment PIN_AP44 -to PCIE_TX_p[2]
set_location_assignment PIN_AM44 -to PCIE_TX_p[3]
set_location_assignment PIN_AK44 -to PCIE_TX_p[4]
set_location_assignment PIN_AH44 -to PCIE_TX_p[5]
set_location_assignment PIN_AF44 -to PCIE_TX_p[6]
set_location_assignment PIN_AD44 -to PCIE_TX_p[7]
set_location_assignment PIN_AN26 -to PCIE_WAKE_n

#============================================================
# PCIe On-Board Ref Clock
#============================================================
set_instance_assignment -name IO_STANDARD LVDS -to OB_PCIE_REFCLK_p
set_location_assignment PIN_AK40 -to OB_PCIE_REFCLK_p

#============================================================
# QSFPA
#============================================================
set_instance_assignment -name IO_STANDARD "1.8 V" -to QSFPA_INTERRUPT_n
set_instance_assignment -name IO_STANDARD "1.8 V" -to QSFPA_LP_MODE
set_instance_assignment -name IO_STANDARD "1.8 V" -to QSFPA_MOD_PRS_n
set_instance_assignment -name IO_STANDARD "1.8 V" -to QSFPA_MOD_SEL_n
set_instance_assignment -name IO_STANDARD LVDS -to QSFPA_REFCLK_p
set_instance_assignment -name IO_STANDARD "1.8 V" -to QSFPA_RST_n
set_instance_assignment -name IO_STANDARD "HSSI DIFFERENTIAL I/O" -to QSFPA_RX_p[0]
set_instance_assignment -name IO_STANDARD "HSSI DIFFERENTIAL I/O" -to QSFPA_RX_p[1]
set_instance_assignment -name IO_STANDARD "HSSI DIFFERENTIAL I/O" -to QSFPA_RX_p[2]
set_instance_assignment -name IO_STANDARD "HSSI DIFFERENTIAL I/O" -to QSFPA_RX_p[3]
set_instance_assignment -name IO_STANDARD "1.8 V" -to QSFPA_SCL
set_instance_assignment -name IO_STANDARD "1.8 V" -to QSFPA_SDA
set_instance_assignment -name IO_STANDARD "HSSI DIFFERENTIAL I/O" -to QSFPA_TX_p[0]
set_instance_assignment -name IO_STANDARD "HSSI DIFFERENTIAL I/O" -to QSFPA_TX_p[1]
set_instance_assignment -name IO_STANDARD "HSSI DIFFERENTIAL I/O" -to QSFPA_TX_p[2]
set_instance_assignment -name IO_STANDARD "HSSI DIFFERENTIAL I/O" -to QSFPA_TX_p[3]
set_location_assignment PIN_AB9 -to QSFPA_INTERRUPT_n
set_location_assignment PIN_AB10 -to QSFPA_LP_MODE
set_location_assignment PIN_AG10 -to QSFPA_MOD_PRS_n
set_location_assignment PIN_AC10 -to QSFPA_MOD_SEL_n
set_location_assignment PIN_AH5 -to QSFPA_REFCLK_p
set_location_assignment PIN_AA9 -to QSFPA_RST_n
set_location_assignment PIN_BB5 -to QSFPA_RX_p[0]
set_location_assignment PIN_AY5 -to QSFPA_RX_p[1]
set_location_assignment PIN_BA3 -to QSFPA_RX_p[2]
set_location_assignment PIN_AW3 -to QSFPA_RX_p[3]
set_location_assignment PIN_AA10 -to QSFPA_SCL
set_location_assignment PIN_Y9 -to QSFPA_SDA
set_location_assignment PIN_BD5 -to QSFPA_TX_p[0]
set_location_assignment PIN_BC3 -to QSFPA_TX_p[1]
set_location_assignment PIN_BB1 -to QSFPA_TX_p[2]
set_location_assignment PIN_AY1 -to QSFPA_TX_p[3]

#============================================================
# End of pin assignments by Terasic System Builder
#============================================================


set_global_assignment -name VERILOG_FILE QSFP_TX_RX.v
set_global_assignment -name SDC_FILE QSFP_TX_RX.SDC
set_global_assignment -name VERILOG_FILE si5340_controller/clock_divider.v
set_global_assignment -name VERILOG_FILE si5340_controller/edge_detector.v
set_global_assignment -name VERILOG_FILE si5340_controller/i2c_bus_controller.v
set_global_assignment -name VERILOG_FILE si5340_controller/initial_config.v
set_global_assignment -name VERILOG_FILE si5340_controller/si5340a_clk_frq_sel_gen.v
set_global_assignment -name VERILOG_FILE si5340_controller/si5340a_controller.v
set_global_assignment -name VERILOG_FILE si5340_controller/si5340a_freq_prameter_selector.v
set_global_assignment -name VERILOG_FILE si5340_controller/si5340a_i2c_reg_controller.v
set_global_assignment -name VERILOG_FILE si5340_controller/si5340b_clk_frq_sel_gen.v
set_global_assignment -name VERILOG_FILE si5340_controller/si5340b_controller.v
set_global_assignment -name VERILOG_FILE si5340_controller/si5340b_freq_prameter_selector.v
set_global_assignment -name VERILOG_FILE si5340_controller/si5340b_i2c_reg_controller.v
set_global_assignment -name QSYS_FILE Transceiver_Native_PHY.qsys
set_global_assignment -name QSYS_FILE Transceiver_ATX_PLL.qsys
set_global_assignment -name QSYS_FILE PHY_Reset_Controller.qsys
set_global_assignment -name MIN_CORE_JUNCTION_TEMP 0
set_global_assignment -name MAX_CORE_JUNCTION_TEMP 100
set_global_assignment -name POWER_PRESET_COOLING_SOLUTION "23 MM HEAT SINK WITH 200 LFPM AIRFLOW"
set_global_assignment -name POWER_BOARD_THERMAL_MODEL "NONE (CONSERVATIVE)"
set_global_assignment -name PARTITION_NETLIST_TYPE SOURCE -section_id Top
set_global_assignment -name PARTITION_FITTER_PRESERVATION_LEVEL PLACEMENT -section_id Top
set_global_assignment -name PARTITION_COLOR 16764057 -section_id Top
set_global_assignment -name ENABLE_SIGNALTAP ON
set_global_assignment -name USE_SIGNALTAP_FILE stp3.stp
set_global_assignment -name SIGNALTAP_FILE stp3.stp
set_global_assignment -name SLD_NODE_CREATOR_ID 110 -section_id auto_signaltap_0
set_global_assignment -name SLD_NODE_ENTITY_NAME sld_signaltap -section_id auto_signaltap_0
set_instance_assignment -name CONNECT_TO_SLD_NODE_ENTITY_PORT acq_trigger_in[0] -to LED[0] -section_id auto_signaltap_0
set_instance_assignment -name CONNECT_TO_SLD_NODE_ENTITY_PORT acq_trigger_in[1] -to LED[1] -section_id auto_signaltap_0
set_instance_assignment -name CONNECT_TO_SLD_NODE_ENTITY_PORT acq_data_in[0] -to LED[0] -section_id auto_signaltap_0
set_instance_assignment -name CONNECT_TO_SLD_NODE_ENTITY_PORT acq_data_in[1] -to LED[1] -section_id auto_signaltap_0
set_global_assignment -name SLD_NODE_PARAMETER_ASSIGNMENT "SLD_RAM_BLOCK_TYPE=AUTO" -section_id auto_signaltap_0
set_global_assignment -name SLD_NODE_PARAMETER_ASSIGNMENT "SLD_NODE_INFO=805334528" -section_id auto_signaltap_0
set_global_assignment -name SLD_NODE_PARAMETER_ASSIGNMENT "SLD_POWER_UP_TRIGGER=0" -section_id auto_signaltap_0
set_global_assignment -name SLD_NODE_PARAMETER_ASSIGNMENT "SLD_STORAGE_QUALIFIER_INVERSION_MASK_LENGTH=0" -section_id auto_signaltap_0
set_global_assignment -name SLD_NODE_PARAMETER_ASSIGNMENT "SLD_SEGMENT_SIZE=1024" -section_id auto_signaltap_0
set_global_assignment -name SLD_NODE_PARAMETER_ASSIGNMENT "SLD_ATTRIBUTE_MEM_MODE=OFF" -section_id auto_signaltap_0
set_global_assignment -name SLD_NODE_PARAMETER_ASSIGNMENT "SLD_STATE_FLOW_USE_GENERATED=0" -section_id auto_signaltap_0
set_global_assignment -name SLD_NODE_PARAMETER_ASSIGNMENT "SLD_STATE_BITS=11" -section_id auto_signaltap_0
set_global_assignment -name SLD_NODE_PARAMETER_ASSIGNMENT "SLD_BUFFER_FULL_STOP=1" -section_id auto_signaltap_0
set_global_assignment -name SLD_NODE_PARAMETER_ASSIGNMENT "SLD_CURRENT_RESOURCE_WIDTH=1" -section_id auto_signaltap_0
set_global_assignment -name SLD_NODE_PARAMETER_ASSIGNMENT "SLD_INCREMENTAL_ROUTING=1" -section_id auto_signaltap_0
set_instance_assignment -name POST_FIT_CONNECT_TO_SLD_NODE_ENTITY_PORT crc[12] -to auto_signaltap_0|vcc -section_id auto_signaltap_0
set_global_assignment -name SLD_NODE_PARAMETER_ASSIGNMENT "SLD_TRIGGER_LEVEL=1" -section_id auto_signaltap_0
set_global_assignment -name SLD_NODE_PARAMETER_ASSIGNMENT "SLD_SAMPLE_DEPTH=1024" -section_id auto_signaltap_0
set_global_assignment -name SLD_NODE_PARAMETER_ASSIGNMENT "SLD_TRIGGER_IN_ENABLED=0" -section_id auto_signaltap_0
set_global_assignment -name SLD_NODE_PARAMETER_ASSIGNMENT "SLD_TRIGGER_PIPELINE=0" -section_id auto_signaltap_0
set_global_assignment -name SLD_NODE_PARAMETER_ASSIGNMENT "SLD_RAM_PIPELINE=0" -section_id auto_signaltap_0
set_global_assignment -name SLD_NODE_PARAMETER_ASSIGNMENT "SLD_COUNTER_PIPELINE=0" -section_id auto_signaltap_0
set_global_assignment -name SLD_NODE_PARAMETER_ASSIGNMENT "SLD_ADVANCED_TRIGGER_ENTITY=basic,1," -section_id auto_signaltap_0
set_global_assignment -name SLD_NODE_PARAMETER_ASSIGNMENT "SLD_TRIGGER_LEVEL_PIPELINE=1" -section_id auto_signaltap_0
set_global_assignment -name SLD_NODE_PARAMETER_ASSIGNMENT "SLD_ENABLE_ADVANCED_TRIGGER=0" -section_id auto_signaltap_0
set_instance_assignment -name POST_FIT_CONNECT_TO_SLD_NODE_ENTITY_PORT crc[6] -to auto_signaltap_0|vcc -section_id auto_signaltap_0
set_instance_assignment -name POST_FIT_CONNECT_TO_SLD_NODE_ENTITY_PORT crc[1] -to auto_signaltap_0|vcc -section_id auto_signaltap_0
set_instance_assignment -name POST_FIT_CONNECT_TO_SLD_NODE_ENTITY_PORT crc[23] -to auto_signaltap_0|vcc -section_id auto_signaltap_0
set_instance_assignment -name POST_FIT_CONNECT_TO_SLD_NODE_ENTITY_PORT crc[25] -to auto_signaltap_0|vcc -section_id auto_signaltap_0
set_instance_assignment -name POST_FIT_CONNECT_TO_SLD_NODE_ENTITY_PORT crc[31] -to auto_signaltap_0|vcc -section_id auto_signaltap_0
set_instance_assignment -name CONNECT_TO_SLD_NODE_ENTITY_PORT acq_clk -to "Transceiver_Native_PHY:u_phy|rx_clkout[0]" -section_id auto_signaltap_0
set_instance_assignment -name POST_FIT_CONNECT_TO_SLD_NODE_ENTITY_PORT crc[0] -to auto_signaltap_0|vcc -section_id auto_signaltap_0
set_instance_assignment -name POST_FIT_CONNECT_TO_SLD_NODE_ENTITY_PORT crc[18] -to auto_signaltap_0|vcc -section_id auto_signaltap_0
set_instance_assignment -name POST_FIT_CONNECT_TO_SLD_NODE_ENTITY_PORT crc[29] -to auto_signaltap_0|gnd -section_id auto_signaltap_0
set_instance_assignment -name POST_FIT_CONNECT_TO_SLD_NODE_ENTITY_PORT crc[30] -to auto_signaltap_0|vcc -section_id auto_signaltap_0
set_instance_assignment -name POST_FIT_CONNECT_TO_SLD_NODE_ENTITY_PORT crc[16] -to auto_signaltap_0|gnd -section_id auto_signaltap_0
set_instance_assignment -name POST_FIT_CONNECT_TO_SLD_NODE_ENTITY_PORT crc[26] -to auto_signaltap_0|gnd -section_id auto_signaltap_0
set_instance_assignment -name XCVR_A10_TX_VOD_OUTPUT_SWING_CTRL 25 -to QSFPA_TX_p[0] -disable
set_instance_assignment -name XCVR_A10_TX_VOD_OUTPUT_SWING_CTRL 25 -to QSFPA_TX_p[1] -disable
set_instance_assignment -name XCVR_A10_TX_VOD_OUTPUT_SWING_CTRL 25 -to QSFPA_TX_p[2] -disable
set_instance_assignment -name XCVR_A10_TX_VOD_OUTPUT_SWING_CTRL 25 -to QSFPA_TX_p[3] -disable
set_instance_assignment -name XCVR_A10_TX_PRE_EMP_SWITCHING_CTRL_1ST_POST_TAP 18 -to QSFPA_TX_p[0]
set_instance_assignment -name XCVR_A10_TX_PRE_EMP_SWITCHING_CTRL_1ST_POST_TAP 18 -to QSFPA_TX_p[1]
set_instance_assignment -name XCVR_A10_TX_PRE_EMP_SWITCHING_CTRL_1ST_POST_TAP 18 -to QSFPA_TX_p[2]
set_instance_assignment -name XCVR_A10_TX_PRE_EMP_SWITCHING_CTRL_1ST_POST_TAP 18 -to QSFPA_TX_p[3]
set_instance_assignment -name CONNECT_TO_SLD_NODE_ENTITY_PORT acq_trigger_in[2] -to "PHY_Reset_Controller:u_reset|rx_ready[0]" -section_id auto_signaltap_0
set_instance_assignment -name CONNECT_TO_SLD_NODE_ENTITY_PORT acq_trigger_in[3] -to "PHY_Reset_Controller:u_reset|tx_ready[0]" -section_id auto_signaltap_0
set_instance_assignment -name CONNECT_TO_SLD_NODE_ENTITY_PORT acq_trigger_in[4] -to "Transceiver_Native_PHY:u_phy|rx_datak[2]" -section_id auto_signaltap_0
set_instance_assignment -name CONNECT_TO_SLD_NODE_ENTITY_PORT acq_trigger_in[5] -to "Transceiver_Native_PHY:u_phy|rx_datak[3]" -section_id auto_signaltap_0
set_instance_assignment -name CONNECT_TO_SLD_NODE_ENTITY_PORT acq_trigger_in[6] -to "Transceiver_Native_PHY:u_phy|rx_datak[4]" -section_id auto_signaltap_0
set_instance_assignment -name CONNECT_TO_SLD_NODE_ENTITY_PORT acq_trigger_in[7] -to "Transceiver_Native_PHY:u_phy|rx_datak[5]" -section_id auto_signaltap_0
set_instance_assignment -name CONNECT_TO_SLD_NODE_ENTITY_PORT acq_trigger_in[8] -to "Transceiver_Native_PHY:u_phy|rx_datak[6]" -section_id auto_signaltap_0
set_instance_assignment -name CONNECT_TO_SLD_NODE_ENTITY_PORT acq_trigger_in[9] -to "Transceiver_Native_PHY:u_phy|rx_datak[7]" -section_id auto_signaltap_0
set_instance_assignment -name CONNECT_TO_SLD_NODE_ENTITY_PORT acq_trigger_in[10] -to "Transceiver_Native_PHY:u_phy|rx_disperr[2]" -section_id auto_signaltap_0
set_instance_assignment -name CONNECT_TO_SLD_NODE_ENTITY_PORT acq_trigger_in[11] -to "Transceiver_Native_PHY:u_phy|rx_disperr[3]" -section_id auto_signaltap_0
set_instance_assignment -name CONNECT_TO_SLD_NODE_ENTITY_PORT acq_trigger_in[12] -to "Transceiver_Native_PHY:u_phy|rx_disperr[4]" -section_id auto_signaltap_0
set_instance_assignment -name CONNECT_TO_SLD_NODE_ENTITY_PORT acq_trigger_in[13] -to "Transceiver_Native_PHY:u_phy|rx_disperr[5]" -section_id auto_signaltap_0
set_instance_assignment -name CONNECT_TO_SLD_NODE_ENTITY_PORT acq_trigger_in[14] -to "Transceiver_Native_PHY:u_phy|rx_disperr[6]" -section_id auto_signaltap_0
set_instance_assignment -name CONNECT_TO_SLD_NODE_ENTITY_PORT acq_trigger_in[15] -to "Transceiver_Native_PHY:u_phy|rx_disperr[7]" -section_id auto_signaltap_0
set_instance_assignment -name CONNECT_TO_SLD_NODE_ENTITY_PORT acq_trigger_in[16] -to "Transceiver_Native_PHY:u_phy|rx_errdetect[2]" -section_id auto_signaltap_0
set_instance_assignment -name CONNECT_TO_SLD_NODE_ENTITY_PORT acq_trigger_in[17] -to "Transceiver_Native_PHY:u_phy|rx_errdetect[3]" -section_id auto_signaltap_0
set_instance_assignment -name CONNECT_TO_SLD_NODE_ENTITY_PORT acq_trigger_in[18] -to "Transceiver_Native_PHY:u_phy|rx_errdetect[4]" -section_id auto_signaltap_0
set_instance_assignment -name CONNECT_TO_SLD_NODE_ENTITY_PORT acq_trigger_in[19] -to "Transceiver_Native_PHY:u_phy|rx_errdetect[5]" -section_id auto_signaltap_0
set_instance_assignment -name CONNECT_TO_SLD_NODE_ENTITY_PORT acq_trigger_in[20] -to "Transceiver_Native_PHY:u_phy|rx_errdetect[6]" -section_id auto_signaltap_0
set_instance_assignment -name CONNECT_TO_SLD_NODE_ENTITY_PORT acq_trigger_in[21] -to "Transceiver_Native_PHY:u_phy|rx_errdetect[7]" -section_id auto_signaltap_0
set_instance_assignment -name CONNECT_TO_SLD_NODE_ENTITY_PORT acq_trigger_in[22] -to "Transceiver_Native_PHY:u_phy|rx_parallel_data[16]" -section_id auto_signaltap_0
set_instance_assignment -name CONNECT_TO_SLD_NODE_ENTITY_PORT acq_trigger_in[23] -to "Transceiver_Native_PHY:u_phy|rx_parallel_data[17]" -section_id auto_signaltap_0
set_instance_assignment -name CONNECT_TO_SLD_NODE_ENTITY_PORT acq_trigger_in[24] -to "Transceiver_Native_PHY:u_phy|rx_parallel_data[18]" -section_id auto_signaltap_0
set_instance_assignment -name CONNECT_TO_SLD_NODE_ENTITY_PORT acq_trigger_in[25] -to "Transceiver_Native_PHY:u_phy|rx_parallel_data[19]" -section_id auto_signaltap_0
set_instance_assignment -name CONNECT_TO_SLD_NODE_ENTITY_PORT acq_trigger_in[26] -to "Transceiver_Native_PHY:u_phy|rx_parallel_data[20]" -section_id auto_signaltap_0
set_instance_assignment -name CONNECT_TO_SLD_NODE_ENTITY_PORT acq_trigger_in[27] -to "Transceiver_Native_PHY:u_phy|rx_parallel_data[21]" -section_id auto_signaltap_0
set_instance_assignment -name CONNECT_TO_SLD_NODE_ENTITY_PORT acq_trigger_in[28] -to "Transceiver_Native_PHY:u_phy|rx_parallel_data[22]" -section_id auto_signaltap_0
set_instance_assignment -name CONNECT_TO_SLD_NODE_ENTITY_PORT acq_trigger_in[29] -to "Transceiver_Native_PHY:u_phy|rx_parallel_data[23]" -section_id auto_signaltap_0
set_instance_assignment -name CONNECT_TO_SLD_NODE_ENTITY_PORT acq_trigger_in[30] -to "Transceiver_Native_PHY:u_phy|rx_parallel_data[24]" -section_id auto_signaltap_0
set_instance_assignment -name CONNECT_TO_SLD_NODE_ENTITY_PORT acq_trigger_in[31] -to "Transceiver_Native_PHY:u_phy|rx_parallel_data[25]" -section_id auto_signaltap_0
set_instance_assignment -name CONNECT_TO_SLD_NODE_ENTITY_PORT acq_trigger_in[32] -to "Transceiver_Native_PHY:u_phy|rx_parallel_data[26]" -section_id auto_signaltap_0
set_instance_assignment -name CONNECT_TO_SLD_NODE_ENTITY_PORT acq_trigger_in[33] -to "Transceiver_Native_PHY:u_phy|rx_parallel_data[27]" -section_id auto_signaltap_0
set_instance_assignment -name CONNECT_TO_SLD_NODE_ENTITY_PORT acq_trigger_in[34] -to "Transceiver_Native_PHY:u_phy|rx_parallel_data[28]" -section_id auto_signaltap_0
set_instance_assignment -name CONNECT_TO_SLD_NODE_ENTITY_PORT acq_trigger_in[35] -to "Transceiver_Native_PHY:u_phy|rx_parallel_data[29]" -section_id auto_signaltap_0
set_instance_assignment -name CONNECT_TO_SLD_NODE_ENTITY_PORT acq_trigger_in[36] -to "Transceiver_Native_PHY:u_phy|rx_parallel_data[30]" -section_id auto_signaltap_0
set_instance_assignment -name CONNECT_TO_SLD_NODE_ENTITY_PORT acq_trigger_in[37] -to "Transceiver_Native_PHY:u_phy|rx_parallel_data[31]" -section_id auto_signaltap_0
set_instance_assignment -name CONNECT_TO_SLD_NODE_ENTITY_PORT acq_trigger_in[38] -to "Transceiver_Native_PHY:u_phy|rx_parallel_data[32]" -section_id auto_signaltap_0
set_instance_assignment -name CONNECT_TO_SLD_NODE_ENTITY_PORT acq_trigger_in[39] -to "Transceiver_Native_PHY:u_phy|rx_parallel_data[33]" -section_id auto_signaltap_0
set_instance_assignment -name CONNECT_TO_SLD_NODE_ENTITY_PORT acq_trigger_in[40] -to "Transceiver_Native_PHY:u_phy|rx_parallel_data[34]" -section_id auto_signaltap_0
set_instance_assignment -name CONNECT_TO_SLD_NODE_ENTITY_PORT acq_trigger_in[41] -to "Transceiver_Native_PHY:u_phy|rx_parallel_data[35]" -section_id auto_signaltap_0
set_instance_assignment -name CONNECT_TO_SLD_NODE_ENTITY_PORT acq_trigger_in[42] -to "Transceiver_Native_PHY:u_phy|rx_parallel_data[36]" -section_id auto_signaltap_0
set_instance_assignment -name CONNECT_TO_SLD_NODE_ENTITY_PORT acq_trigger_in[43] -to "Transceiver_Native_PHY:u_phy|rx_parallel_data[37]" -section_id auto_signaltap_0
set_instance_assignment -name CONNECT_TO_SLD_NODE_ENTITY_PORT acq_trigger_in[44] -to "Transceiver_Native_PHY:u_phy|rx_parallel_data[38]" -section_id auto_signaltap_0
set_instance_assignment -name CONNECT_TO_SLD_NODE_ENTITY_PORT acq_trigger_in[45] -to "Transceiver_Native_PHY:u_phy|rx_parallel_data[39]" -section_id auto_signaltap_0
set_instance_assignment -name CONNECT_TO_SLD_NODE_ENTITY_PORT acq_trigger_in[46] -to "Transceiver_Native_PHY:u_phy|rx_parallel_data[40]" -section_id auto_signaltap_0
set_instance_assignment -name CONNECT_TO_SLD_NODE_ENTITY_PORT acq_trigger_in[47] -to "Transceiver_Native_PHY:u_phy|rx_parallel_data[41]" -section_id auto_signaltap_0
set_instance_assignment -name CONNECT_TO_SLD_NODE_ENTITY_PORT acq_trigger_in[48] -to "Transceiver_Native_PHY:u_phy|rx_parallel_data[42]" -section_id auto_signaltap_0
set_instance_assignment -name CONNECT_TO_SLD_NODE_ENTITY_PORT acq_trigger_in[49] -to "Transceiver_Native_PHY:u_phy|rx_parallel_data[43]" -section_id auto_signaltap_0
set_instance_assignment -name CONNECT_TO_SLD_NODE_ENTITY_PORT acq_trigger_in[50] -to "Transceiver_Native_PHY:u_phy|rx_parallel_data[44]" -section_id auto_signaltap_0
set_instance_assignment -name CONNECT_TO_SLD_NODE_ENTITY_PORT acq_trigger_in[51] -to "Transceiver_Native_PHY:u_phy|rx_parallel_data[45]" -section_id auto_signaltap_0
set_instance_assignment -name CONNECT_TO_SLD_NODE_ENTITY_PORT acq_trigger_in[52] -to "Transceiver_Native_PHY:u_phy|rx_parallel_data[46]" -section_id auto_signaltap_0
set_instance_assignment -name CONNECT_TO_SLD_NODE_ENTITY_PORT acq_trigger_in[53] -to "Transceiver_Native_PHY:u_phy|rx_parallel_data[47]" -section_id auto_signaltap_0
set_instance_assignment -name CONNECT_TO_SLD_NODE_ENTITY_PORT acq_trigger_in[54] -to "Transceiver_Native_PHY:u_phy|rx_parallel_data[48]" -section_id auto_signaltap_0
set_instance_assignment -name CONNECT_TO_SLD_NODE_ENTITY_PORT acq_trigger_in[55] -to "Transceiver_Native_PHY:u_phy|rx_parallel_data[49]" -section_id auto_signaltap_0
set_instance_assignment -name CONNECT_TO_SLD_NODE_ENTITY_PORT acq_trigger_in[56] -to "Transceiver_Native_PHY:u_phy|rx_parallel_data[50]" -section_id auto_signaltap_0
set_instance_assignment -name CONNECT_TO_SLD_NODE_ENTITY_PORT acq_trigger_in[57] -to "Transceiver_Native_PHY:u_phy|rx_parallel_data[51]" -section_id auto_signaltap_0
set_instance_assignment -name CONNECT_TO_SLD_NODE_ENTITY_PORT acq_trigger_in[58] -to "Transceiver_Native_PHY:u_phy|rx_parallel_data[52]" -section_id auto_signaltap_0
set_instance_assignment -name CONNECT_TO_SLD_NODE_ENTITY_PORT acq_trigger_in[59] -to "Transceiver_Native_PHY:u_phy|rx_parallel_data[53]" -section_id auto_signaltap_0
set_instance_assignment -name CONNECT_TO_SLD_NODE_ENTITY_PORT acq_trigger_in[60] -to "Transceiver_Native_PHY:u_phy|rx_parallel_data[54]" -section_id auto_signaltap_0
set_instance_assignment -name CONNECT_TO_SLD_NODE_ENTITY_PORT acq_trigger_in[61] -to "Transceiver_Native_PHY:u_phy|rx_parallel_data[55]" -section_id auto_signaltap_0
set_instance_assignment -name CONNECT_TO_SLD_NODE_ENTITY_PORT acq_trigger_in[62] -to "Transceiver_Native_PHY:u_phy|rx_parallel_data[56]" -section_id auto_signaltap_0
set_instance_assignment -name CONNECT_TO_SLD_NODE_ENTITY_PORT acq_trigger_in[63] -to "Transceiver_Native_PHY:u_phy|rx_parallel_data[57]" -section_id auto_signaltap_0
set_instance_assignment -name CONNECT_TO_SLD_NODE_ENTITY_PORT acq_trigger_in[64] -to "Transceiver_Native_PHY:u_phy|rx_parallel_data[58]" -section_id auto_signaltap_0
set_instance_assignment -name CONNECT_TO_SLD_NODE_ENTITY_PORT acq_trigger_in[65] -to "Transceiver_Native_PHY:u_phy|rx_parallel_data[59]" -section_id auto_signaltap_0
set_instance_assignment -name CONNECT_TO_SLD_NODE_ENTITY_PORT acq_trigger_in[66] -to "Transceiver_Native_PHY:u_phy|rx_parallel_data[60]" -section_id auto_signaltap_0
set_instance_assignment -name CONNECT_TO_SLD_NODE_ENTITY_PORT acq_trigger_in[67] -to "Transceiver_Native_PHY:u_phy|rx_parallel_data[61]" -section_id auto_signaltap_0
set_instance_assignment -name CONNECT_TO_SLD_NODE_ENTITY_PORT acq_trigger_in[68] -to "Transceiver_Native_PHY:u_phy|rx_parallel_data[62]" -section_id auto_signaltap_0
set_instance_assignment -name CONNECT_TO_SLD_NODE_ENTITY_PORT acq_trigger_in[69] -to "Transceiver_Native_PHY:u_phy|rx_parallel_data[63]" -section_id auto_signaltap_0
set_instance_assignment -name CONNECT_TO_SLD_NODE_ENTITY_PORT acq_trigger_in[70] -to "Transceiver_Native_PHY:u_phy|rx_syncstatus[0]" -section_id auto_signaltap_0
set_instance_assignment -name CONNECT_TO_SLD_NODE_ENTITY_PORT acq_trigger_in[71] -to "Transceiver_Native_PHY:u_phy|rx_syncstatus[1]" -section_id auto_signaltap_0
set_instance_assignment -name CONNECT_TO_SLD_NODE_ENTITY_PORT acq_trigger_in[72] -to "Transceiver_Native_PHY:u_phy|rx_syncstatus[2]" -section_id auto_signaltap_0
set_instance_assignment -name CONNECT_TO_SLD_NODE_ENTITY_PORT acq_trigger_in[73] -to "Transceiver_Native_PHY:u_phy|rx_syncstatus[3]" -section_id auto_signaltap_0
set_instance_assignment -name CONNECT_TO_SLD_NODE_ENTITY_PORT acq_trigger_in[74] -to "Transceiver_Native_PHY:u_phy|rx_syncstatus[4]" -section_id auto_signaltap_0
set_instance_assignment -name CONNECT_TO_SLD_NODE_ENTITY_PORT acq_trigger_in[75] -to "Transceiver_Native_PHY:u_phy|rx_syncstatus[5]" -section_id auto_signaltap_0
set_instance_assignment -name CONNECT_TO_SLD_NODE_ENTITY_PORT acq_trigger_in[76] -to "Transceiver_Native_PHY:u_phy|rx_syncstatus[6]" -section_id auto_signaltap_0
set_instance_assignment -name CONNECT_TO_SLD_NODE_ENTITY_PORT acq_trigger_in[77] -to "Transceiver_Native_PHY:u_phy|rx_syncstatus[7]" -section_id auto_signaltap_0
set_instance_assignment -name CONNECT_TO_SLD_NODE_ENTITY_PORT acq_trigger_in[78] -to "Transceiver_Native_PHY:u_phy|tx_datak[0]" -section_id auto_signaltap_0
set_instance_assignment -name CONNECT_TO_SLD_NODE_ENTITY_PORT acq_trigger_in[79] -to "Transceiver_Native_PHY:u_phy|tx_datak[1]" -section_id auto_signaltap_0
set_instance_assignment -name CONNECT_TO_SLD_NODE_ENTITY_PORT acq_trigger_in[80] -to "Transceiver_Native_PHY:u_phy|tx_datak[2]" -section_id auto_signaltap_0
set_instance_assignment -name CONNECT_TO_SLD_NODE_ENTITY_PORT acq_trigger_in[81] -to "Transceiver_Native_PHY:u_phy|tx_datak[3]" -section_id auto_signaltap_0
set_instance_assignment -name CONNECT_TO_SLD_NODE_ENTITY_PORT acq_trigger_in[82] -to "Transceiver_Native_PHY:u_phy|tx_datak[4]" -section_id auto_signaltap_0
set_instance_assignment -name CONNECT_TO_SLD_NODE_ENTITY_PORT acq_trigger_in[83] -to "Transceiver_Native_PHY:u_phy|tx_datak[5]" -section_id auto_signaltap_0
set_instance_assignment -name CONNECT_TO_SLD_NODE_ENTITY_PORT acq_trigger_in[84] -to "Transceiver_Native_PHY:u_phy|tx_datak[6]" -section_id auto_signaltap_0
set_instance_assignment -name CONNECT_TO_SLD_NODE_ENTITY_PORT acq_trigger_in[85] -to "Transceiver_Native_PHY:u_phy|tx_datak[7]" -section_id auto_signaltap_0
set_instance_assignment -name CONNECT_TO_SLD_NODE_ENTITY_PORT acq_trigger_in[86] -to "Transceiver_Native_PHY:u_phy|tx_parallel_data[16]" -section_id auto_signaltap_0
set_instance_assignment -name CONNECT_TO_SLD_NODE_ENTITY_PORT acq_trigger_in[87] -to "Transceiver_Native_PHY:u_phy|tx_parallel_data[17]" -section_id auto_signaltap_0
set_instance_assignment -name CONNECT_TO_SLD_NODE_ENTITY_PORT acq_trigger_in[88] -to "Transceiver_Native_PHY:u_phy|tx_parallel_data[18]" -section_id auto_signaltap_0
set_instance_assignment -name CONNECT_TO_SLD_NODE_ENTITY_PORT acq_trigger_in[89] -to "Transceiver_Native_PHY:u_phy|tx_parallel_data[19]" -section_id auto_signaltap_0
set_instance_assignment -name CONNECT_TO_SLD_NODE_ENTITY_PORT acq_trigger_in[90] -to "Transceiver_Native_PHY:u_phy|tx_parallel_data[20]" -section_id auto_signaltap_0
set_instance_assignment -name CONNECT_TO_SLD_NODE_ENTITY_PORT acq_trigger_in[91] -to "Transceiver_Native_PHY:u_phy|tx_parallel_data[21]" -section_id auto_signaltap_0
set_instance_assignment -name CONNECT_TO_SLD_NODE_ENTITY_PORT acq_trigger_in[92] -to "Transceiver_Native_PHY:u_phy|tx_parallel_data[22]" -section_id auto_signaltap_0
set_instance_assignment -name CONNECT_TO_SLD_NODE_ENTITY_PORT acq_trigger_in[93] -to "Transceiver_Native_PHY:u_phy|tx_parallel_data[23]" -section_id auto_signaltap_0
set_instance_assignment -name CONNECT_TO_SLD_NODE_ENTITY_PORT acq_trigger_in[94] -to "Transceiver_Native_PHY:u_phy|tx_parallel_data[24]" -section_id auto_signaltap_0
set_instance_assignment -name CONNECT_TO_SLD_NODE_ENTITY_PORT acq_trigger_in[95] -to "Transceiver_Native_PHY:u_phy|tx_parallel_data[25]" -section_id auto_signaltap_0
set_instance_assignment -name CONNECT_TO_SLD_NODE_ENTITY_PORT acq_trigger_in[96] -to "Transceiver_Native_PHY:u_phy|tx_parallel_data[26]" -section_id auto_signaltap_0
set_instance_assignment -name CONNECT_TO_SLD_NODE_ENTITY_PORT acq_trigger_in[97] -to "Transceiver_Native_PHY:u_phy|tx_parallel_data[27]" -section_id auto_signaltap_0
set_instance_assignment -name CONNECT_TO_SLD_NODE_ENTITY_PORT acq_trigger_in[98] -to "Transceiver_Native_PHY:u_phy|tx_parallel_data[28]" -section_id auto_signaltap_0
set_instance_assignment -name CONNECT_TO_SLD_NODE_ENTITY_PORT acq_trigger_in[99] -to "Transceiver_Native_PHY:u_phy|tx_parallel_data[29]" -section_id auto_signaltap_0
set_instance_assignment -name CONNECT_TO_SLD_NODE_ENTITY_PORT acq_trigger_in[100] -to "Transceiver_Native_PHY:u_phy|tx_parallel_data[30]" -section_id auto_signaltap_0
set_instance_assignment -name CONNECT_TO_SLD_NODE_ENTITY_PORT acq_trigger_in[101] -to "Transceiver_Native_PHY:u_phy|tx_parallel_data[31]" -section_id auto_signaltap_0
set_instance_assignment -name CONNECT_TO_SLD_NODE_ENTITY_PORT acq_trigger_in[102] -to "Transceiver_Native_PHY:u_phy|tx_parallel_data[32]" -section_id auto_signaltap_0
set_instance_assignment -name CONNECT_TO_SLD_NODE_ENTITY_PORT acq_trigger_in[103] -to "Transceiver_Native_PHY:u_phy|tx_parallel_data[33]" -section_id auto_signaltap_0
set_instance_assignment -name CONNECT_TO_SLD_NODE_ENTITY_PORT acq_trigger_in[104] -to "Transceiver_Native_PHY:u_phy|tx_parallel_data[34]" -section_id auto_signaltap_0
set_instance_assignment -name CONNECT_TO_SLD_NODE_ENTITY_PORT acq_trigger_in[105] -to "Transceiver_Native_PHY:u_phy|tx_parallel_data[35]" -section_id auto_signaltap_0
set_instance_assignment -name CONNECT_TO_SLD_NODE_ENTITY_PORT acq_trigger_in[106] -to "Transceiver_Native_PHY:u_phy|tx_parallel_data[36]" -section_id auto_signaltap_0
set_instance_assignment -name CONNECT_TO_SLD_NODE_ENTITY_PORT acq_trigger_in[107] -to "Transceiver_Native_PHY:u_phy|tx_parallel_data[37]" -section_id auto_signaltap_0
set_instance_assignment -name CONNECT_TO_SLD_NODE_ENTITY_PORT acq_trigger_in[108] -to "Transceiver_Native_PHY:u_phy|tx_parallel_data[38]" -section_id auto_signaltap_0
set_instance_assignment -name CONNECT_TO_SLD_NODE_ENTITY_PORT acq_trigger_in[109] -to "Transceiver_Native_PHY:u_phy|tx_parallel_data[39]" -section_id auto_signaltap_0
set_instance_assignment -name CONNECT_TO_SLD_NODE_ENTITY_PORT acq_trigger_in[110] -to "Transceiver_Native_PHY:u_phy|tx_parallel_data[40]" -section_id auto_signaltap_0
set_instance_assignment -name CONNECT_TO_SLD_NODE_ENTITY_PORT acq_trigger_in[111] -to "Transceiver_Native_PHY:u_phy|tx_parallel_data[41]" -section_id auto_signaltap_0
set_instance_assignment -name CONNECT_TO_SLD_NODE_ENTITY_PORT acq_trigger_in[112] -to "Transceiver_Native_PHY:u_phy|tx_parallel_data[42]" -section_id auto_signaltap_0
set_instance_assignment -name CONNECT_TO_SLD_NODE_ENTITY_PORT acq_trigger_in[113] -to "Transceiver_Native_PHY:u_phy|tx_parallel_data[43]" -section_id auto_signaltap_0
set_instance_assignment -name CONNECT_TO_SLD_NODE_ENTITY_PORT acq_trigger_in[114] -to "Transceiver_Native_PHY:u_phy|tx_parallel_data[44]" -section_id auto_signaltap_0
set_instance_assignment -name CONNECT_TO_SLD_NODE_ENTITY_PORT acq_trigger_in[115] -to "Transceiver_Native_PHY:u_phy|tx_parallel_data[45]" -section_id auto_signaltap_0
set_instance_assignment -name CONNECT_TO_SLD_NODE_ENTITY_PORT acq_trigger_in[116] -to "Transceiver_Native_PHY:u_phy|tx_parallel_data[46]" -section_id auto_signaltap_0
set_instance_assignment -name CONNECT_TO_SLD_NODE_ENTITY_PORT acq_trigger_in[117] -to "Transceiver_Native_PHY:u_phy|tx_parallel_data[47]" -section_id auto_signaltap_0
set_instance_assignment -name CONNECT_TO_SLD_NODE_ENTITY_PORT acq_trigger_in[118] -to "Transceiver_Native_PHY:u_phy|tx_parallel_data[48]" -section_id auto_signaltap_0
set_instance_assignment -name CONNECT_TO_SLD_NODE_ENTITY_PORT acq_trigger_in[119] -to "Transceiver_Native_PHY:u_phy|tx_parallel_data[49]" -section_id auto_signaltap_0
set_instance_assignment -name CONNECT_TO_SLD_NODE_ENTITY_PORT acq_trigger_in[120] -to "Transceiver_Native_PHY:u_phy|tx_parallel_data[50]" -section_id auto_signaltap_0
set_instance_assignment -name CONNECT_TO_SLD_NODE_ENTITY_PORT acq_trigger_in[121] -to "Transceiver_Native_PHY:u_phy|tx_parallel_data[51]" -section_id auto_signaltap_0
set_instance_assignment -name CONNECT_TO_SLD_NODE_ENTITY_PORT acq_trigger_in[122] -to "Transceiver_Native_PHY:u_phy|tx_parallel_data[52]" -section_id auto_signaltap_0
set_instance_assignment -name CONNECT_TO_SLD_NODE_ENTITY_PORT acq_trigger_in[123] -to "Transceiver_Native_PHY:u_phy|tx_parallel_data[53]" -section_id auto_signaltap_0
set_instance_assignment -name CONNECT_TO_SLD_NODE_ENTITY_PORT acq_trigger_in[124] -to "Transceiver_Native_PHY:u_phy|tx_parallel_data[54]" -section_id auto_signaltap_0
set_instance_assignment -name CONNECT_TO_SLD_NODE_ENTITY_PORT acq_trigger_in[125] -to "Transceiver_Native_PHY:u_phy|tx_parallel_data[55]" -section_id auto_signaltap_0
set_instance_assignment -name CONNECT_TO_SLD_NODE_ENTITY_PORT acq_trigger_in[126] -to "Transceiver_Native_PHY:u_phy|tx_parallel_data[56]" -section_id auto_signaltap_0
set_instance_assignment -name CONNECT_TO_SLD_NODE_ENTITY_PORT acq_trigger_in[127] -to "Transceiver_Native_PHY:u_phy|tx_parallel_data[57]" -section_id auto_signaltap_0
set_instance_assignment -name CONNECT_TO_SLD_NODE_ENTITY_PORT acq_trigger_in[128] -to "Transceiver_Native_PHY:u_phy|tx_parallel_data[58]" -section_id auto_signaltap_0
set_instance_assignment -name CONNECT_TO_SLD_NODE_ENTITY_PORT acq_trigger_in[129] -to "Transceiver_Native_PHY:u_phy|tx_parallel_data[59]" -section_id auto_signaltap_0
set_instance_assignment -name CONNECT_TO_SLD_NODE_ENTITY_PORT acq_trigger_in[130] -to "Transceiver_Native_PHY:u_phy|tx_parallel_data[60]" -section_id auto_signaltap_0
set_instance_assignment -name CONNECT_TO_SLD_NODE_ENTITY_PORT acq_trigger_in[131] -to "Transceiver_Native_PHY:u_phy|tx_parallel_data[61]" -section_id auto_signaltap_0
set_instance_assignment -name CONNECT_TO_SLD_NODE_ENTITY_PORT acq_trigger_in[132] -to "Transceiver_Native_PHY:u_phy|tx_parallel_data[62]" -section_id auto_signaltap_0
set_instance_assignment -name CONNECT_TO_SLD_NODE_ENTITY_PORT acq_trigger_in[133] -to "Transceiver_Native_PHY:u_phy|tx_parallel_data[63]" -section_id auto_signaltap_0
set_instance_assignment -name CONNECT_TO_SLD_NODE_ENTITY_PORT acq_data_in[2] -to "PHY_Reset_Controller:u_reset|rx_ready[0]" -section_id auto_signaltap_0
set_instance_assignment -name CONNECT_TO_SLD_NODE_ENTITY_PORT acq_data_in[3] -to "PHY_Reset_Controller:u_reset|tx_ready[0]" -section_id auto_signaltap_0
set_instance_assignment -name CONNECT_TO_SLD_NODE_ENTITY_PORT acq_data_in[4] -to "Transceiver_Native_PHY:u_phy|rx_datak[2]" -section_id auto_signaltap_0
set_instance_assignment -name CONNECT_TO_SLD_NODE_ENTITY_PORT acq_data_in[5] -to "Transceiver_Native_PHY:u_phy|rx_datak[3]" -section_id auto_signaltap_0
set_instance_assignment -name CONNECT_TO_SLD_NODE_ENTITY_PORT acq_data_in[6] -to "Transceiver_Native_PHY:u_phy|rx_datak[4]" -section_id auto_signaltap_0
set_instance_assignment -name CONNECT_TO_SLD_NODE_ENTITY_PORT acq_data_in[7] -to "Transceiver_Native_PHY:u_phy|rx_datak[5]" -section_id auto_signaltap_0
set_instance_assignment -name CONNECT_TO_SLD_NODE_ENTITY_PORT acq_data_in[8] -to "Transceiver_Native_PHY:u_phy|rx_datak[6]" -section_id auto_signaltap_0
set_instance_assignment -name CONNECT_TO_SLD_NODE_ENTITY_PORT acq_data_in[9] -to "Transceiver_Native_PHY:u_phy|rx_datak[7]" -section_id auto_signaltap_0
set_instance_assignment -name CONNECT_TO_SLD_NODE_ENTITY_PORT acq_data_in[10] -to "Transceiver_Native_PHY:u_phy|rx_disperr[2]" -section_id auto_signaltap_0
set_instance_assignment -name CONNECT_TO_SLD_NODE_ENTITY_PORT acq_data_in[11] -to "Transceiver_Native_PHY:u_phy|rx_disperr[3]" -section_id auto_signaltap_0
set_instance_assignment -name CONNECT_TO_SLD_NODE_ENTITY_PORT acq_data_in[12] -to "Transceiver_Native_PHY:u_phy|rx_disperr[4]" -section_id auto_signaltap_0
set_instance_assignment -name CONNECT_TO_SLD_NODE_ENTITY_PORT acq_data_in[13] -to "Transceiver_Native_PHY:u_phy|rx_disperr[5]" -section_id auto_signaltap_0
set_instance_assignment -name CONNECT_TO_SLD_NODE_ENTITY_PORT acq_data_in[14] -to "Transceiver_Native_PHY:u_phy|rx_disperr[6]" -section_id auto_signaltap_0
set_instance_assignment -name CONNECT_TO_SLD_NODE_ENTITY_PORT acq_data_in[15] -to "Transceiver_Native_PHY:u_phy|rx_disperr[7]" -section_id auto_signaltap_0
set_instance_assignment -name CONNECT_TO_SLD_NODE_ENTITY_PORT acq_data_in[16] -to "Transceiver_Native_PHY:u_phy|rx_errdetect[2]" -section_id auto_signaltap_0
set_instance_assignment -name CONNECT_TO_SLD_NODE_ENTITY_PORT acq_data_in[17] -to "Transceiver_Native_PHY:u_phy|rx_errdetect[3]" -section_id auto_signaltap_0
set_instance_assignment -name CONNECT_TO_SLD_NODE_ENTITY_PORT acq_data_in[18] -to "Transceiver_Native_PHY:u_phy|rx_errdetect[4]" -section_id auto_signaltap_0
set_instance_assignment -name CONNECT_TO_SLD_NODE_ENTITY_PORT acq_data_in[19] -to "Transceiver_Native_PHY:u_phy|rx_errdetect[5]" -section_id auto_signaltap_0
set_instance_assignment -name CONNECT_TO_SLD_NODE_ENTITY_PORT acq_data_in[20] -to "Transceiver_Native_PHY:u_phy|rx_errdetect[6]" -section_id auto_signaltap_0
set_instance_assignment -name CONNECT_TO_SLD_NODE_ENTITY_PORT acq_data_in[21] -to "Transceiver_Native_PHY:u_phy|rx_errdetect[7]" -section_id auto_signaltap_0
set_instance_assignment -name CONNECT_TO_SLD_NODE_ENTITY_PORT acq_data_in[22] -to "Transceiver_Native_PHY:u_phy|rx_parallel_data[16]" -section_id auto_signaltap_0
set_instance_assignment -name CONNECT_TO_SLD_NODE_ENTITY_PORT acq_data_in[23] -to "Transceiver_Native_PHY:u_phy|rx_parallel_data[17]" -section_id auto_signaltap_0
set_instance_assignment -name CONNECT_TO_SLD_NODE_ENTITY_PORT acq_data_in[24] -to "Transceiver_Native_PHY:u_phy|rx_parallel_data[18]" -section_id auto_signaltap_0
set_instance_assignment -name CONNECT_TO_SLD_NODE_ENTITY_PORT acq_data_in[25] -to "Transceiver_Native_PHY:u_phy|rx_parallel_data[19]" -section_id auto_signaltap_0
set_instance_assignment -name CONNECT_TO_SLD_NODE_ENTITY_PORT acq_data_in[26] -to "Transceiver_Native_PHY:u_phy|rx_parallel_data[20]" -section_id auto_signaltap_0
set_instance_assignment -name CONNECT_TO_SLD_NODE_ENTITY_PORT acq_data_in[27] -to "Transceiver_Native_PHY:u_phy|rx_parallel_data[21]" -section_id auto_signaltap_0
set_instance_assignment -name CONNECT_TO_SLD_NODE_ENTITY_PORT acq_data_in[28] -to "Transceiver_Native_PHY:u_phy|rx_parallel_data[22]" -section_id auto_signaltap_0
set_instance_assignment -name CONNECT_TO_SLD_NODE_ENTITY_PORT acq_data_in[29] -to "Transceiver_Native_PHY:u_phy|rx_parallel_data[23]" -section_id auto_signaltap_0
set_instance_assignment -name CONNECT_TO_SLD_NODE_ENTITY_PORT acq_data_in[30] -to "Transceiver_Native_PHY:u_phy|rx_parallel_data[24]" -section_id auto_signaltap_0
set_instance_assignment -name CONNECT_TO_SLD_NODE_ENTITY_PORT acq_data_in[31] -to "Transceiver_Native_PHY:u_phy|rx_parallel_data[25]" -section_id auto_signaltap_0
set_instance_assignment -name CONNECT_TO_SLD_NODE_ENTITY_PORT acq_data_in[32] -to "Transceiver_Native_PHY:u_phy|rx_parallel_data[26]" -section_id auto_signaltap_0
set_instance_assignment -name CONNECT_TO_SLD_NODE_ENTITY_PORT acq_data_in[33] -to "Transceiver_Native_PHY:u_phy|rx_parallel_data[27]" -section_id auto_signaltap_0
set_instance_assignment -name CONNECT_TO_SLD_NODE_ENTITY_PORT acq_data_in[34] -to "Transceiver_Native_PHY:u_phy|rx_parallel_data[28]" -section_id auto_signaltap_0
set_instance_assignment -name CONNECT_TO_SLD_NODE_ENTITY_PORT acq_data_in[35] -to "Transceiver_Native_PHY:u_phy|rx_parallel_data[29]" -section_id auto_signaltap_0
set_instance_assignment -name CONNECT_TO_SLD_NODE_ENTITY_PORT acq_data_in[36] -to "Transceiver_Native_PHY:u_phy|rx_parallel_data[30]" -section_id auto_signaltap_0
set_instance_assignment -name CONNECT_TO_SLD_NODE_ENTITY_PORT acq_data_in[37] -to "Transceiver_Native_PHY:u_phy|rx_parallel_data[31]" -section_id auto_signaltap_0
set_instance_assignment -name CONNECT_TO_SLD_NODE_ENTITY_PORT acq_data_in[38] -to "Transceiver_Native_PHY:u_phy|rx_parallel_data[32]" -section_id auto_signaltap_0
set_instance_assignment -name CONNECT_TO_SLD_NODE_ENTITY_PORT acq_data_in[39] -to "Transceiver_Native_PHY:u_phy|rx_parallel_data[33]" -section_id auto_signaltap_0
set_instance_assignment -name CONNECT_TO_SLD_NODE_ENTITY_PORT acq_data_in[40] -to "Transceiver_Native_PHY:u_phy|rx_parallel_data[34]" -section_id auto_signaltap_0
set_instance_assignment -name CONNECT_TO_SLD_NODE_ENTITY_PORT acq_data_in[41] -to "Transceiver_Native_PHY:u_phy|rx_parallel_data[35]" -section_id auto_signaltap_0
set_instance_assignment -name CONNECT_TO_SLD_NODE_ENTITY_PORT acq_data_in[42] -to "Transceiver_Native_PHY:u_phy|rx_parallel_data[36]" -section_id auto_signaltap_0
set_instance_assignment -name CONNECT_TO_SLD_NODE_ENTITY_PORT acq_data_in[43] -to "Transceiver_Native_PHY:u_phy|rx_parallel_data[37]" -section_id auto_signaltap_0
set_instance_assignment -name CONNECT_TO_SLD_NODE_ENTITY_PORT acq_data_in[44] -to "Transceiver_Native_PHY:u_phy|rx_parallel_data[38]" -section_id auto_signaltap_0
set_instance_assignment -name CONNECT_TO_SLD_NODE_ENTITY_PORT acq_data_in[45] -to "Transceiver_Native_PHY:u_phy|rx_parallel_data[39]" -section_id auto_signaltap_0
set_instance_assignment -name CONNECT_TO_SLD_NODE_ENTITY_PORT acq_data_in[46] -to "Transceiver_Native_PHY:u_phy|rx_parallel_data[40]" -section_id auto_signaltap_0
set_instance_assignment -name CONNECT_TO_SLD_NODE_ENTITY_PORT acq_data_in[47] -to "Transceiver_Native_PHY:u_phy|rx_parallel_data[41]" -section_id auto_signaltap_0
set_instance_assignment -name CONNECT_TO_SLD_NODE_ENTITY_PORT acq_data_in[48] -to "Transceiver_Native_PHY:u_phy|rx_parallel_data[42]" -section_id auto_signaltap_0
set_instance_assignment -name CONNECT_TO_SLD_NODE_ENTITY_PORT acq_data_in[49] -to "Transceiver_Native_PHY:u_phy|rx_parallel_data[43]" -section_id auto_signaltap_0
set_instance_assignment -name CONNECT_TO_SLD_NODE_ENTITY_PORT acq_data_in[50] -to "Transceiver_Native_PHY:u_phy|rx_parallel_data[44]" -section_id auto_signaltap_0
set_instance_assignment -name CONNECT_TO_SLD_NODE_ENTITY_PORT acq_data_in[51] -to "Transceiver_Native_PHY:u_phy|rx_parallel_data[45]" -section_id auto_signaltap_0
set_instance_assignment -name CONNECT_TO_SLD_NODE_ENTITY_PORT acq_data_in[52] -to "Transceiver_Native_PHY:u_phy|rx_parallel_data[46]" -section_id auto_signaltap_0
set_instance_assignment -name CONNECT_TO_SLD_NODE_ENTITY_PORT acq_data_in[53] -to "Transceiver_Native_PHY:u_phy|rx_parallel_data[47]" -section_id auto_signaltap_0
set_instance_assignment -name CONNECT_TO_SLD_NODE_ENTITY_PORT acq_data_in[54] -to "Transceiver_Native_PHY:u_phy|rx_parallel_data[48]" -section_id auto_signaltap_0
set_instance_assignment -name CONNECT_TO_SLD_NODE_ENTITY_PORT acq_data_in[55] -to "Transceiver_Native_PHY:u_phy|rx_parallel_data[49]" -section_id auto_signaltap_0
set_instance_assignment -name CONNECT_TO_SLD_NODE_ENTITY_PORT acq_data_in[56] -to "Transceiver_Native_PHY:u_phy|rx_parallel_data[50]" -section_id auto_signaltap_0
set_instance_assignment -name CONNECT_TO_SLD_NODE_ENTITY_PORT acq_data_in[57] -to "Transceiver_Native_PHY:u_phy|rx_parallel_data[51]" -section_id auto_signaltap_0
set_instance_assignment -name CONNECT_TO_SLD_NODE_ENTITY_PORT acq_data_in[58] -to "Transceiver_Native_PHY:u_phy|rx_parallel_data[52]" -section_id auto_signaltap_0
set_instance_assignment -name CONNECT_TO_SLD_NODE_ENTITY_PORT acq_data_in[59] -to "Transceiver_Native_PHY:u_phy|rx_parallel_data[53]" -section_id auto_signaltap_0
set_instance_assignment -name CONNECT_TO_SLD_NODE_ENTITY_PORT acq_data_in[60] -to "Transceiver_Native_PHY:u_phy|rx_parallel_data[54]" -section_id auto_signaltap_0
set_instance_assignment -name CONNECT_TO_SLD_NODE_ENTITY_PORT acq_data_in[61] -to "Transceiver_Native_PHY:u_phy|rx_parallel_data[55]" -section_id auto_signaltap_0
set_instance_assignment -name CONNECT_TO_SLD_NODE_ENTITY_PORT acq_data_in[62] -to "Transceiver_Native_PHY:u_phy|rx_parallel_data[56]" -section_id auto_signaltap_0
set_instance_assignment -name CONNECT_TO_SLD_NODE_ENTITY_PORT acq_data_in[63] -to "Transceiver_Native_PHY:u_phy|rx_parallel_data[57]" -section_id auto_signaltap_0
set_instance_assignment -name CONNECT_TO_SLD_NODE_ENTITY_PORT acq_data_in[64] -to "Transceiver_Native_PHY:u_phy|rx_parallel_data[58]" -section_id auto_signaltap_0
set_instance_assignment -name CONNECT_TO_SLD_NODE_ENTITY_PORT acq_data_in[65] -to "Transceiver_Native_PHY:u_phy|rx_parallel_data[59]" -section_id auto_signaltap_0
set_instance_assignment -name CONNECT_TO_SLD_NODE_ENTITY_PORT acq_data_in[66] -to "Transceiver_Native_PHY:u_phy|rx_parallel_data[60]" -section_id auto_signaltap_0
set_instance_assignment -name CONNECT_TO_SLD_NODE_ENTITY_PORT acq_data_in[67] -to "Transceiver_Native_PHY:u_phy|rx_parallel_data[61]" -section_id auto_signaltap_0
set_instance_assignment -name CONNECT_TO_SLD_NODE_ENTITY_PORT acq_data_in[68] -to "Transceiver_Native_PHY:u_phy|rx_parallel_data[62]" -section_id auto_signaltap_0
set_instance_assignment -name CONNECT_TO_SLD_NODE_ENTITY_PORT acq_data_in[69] -to "Transceiver_Native_PHY:u_phy|rx_parallel_data[63]" -section_id auto_signaltap_0
set_instance_assignment -name CONNECT_TO_SLD_NODE_ENTITY_PORT acq_data_in[70] -to "Transceiver_Native_PHY:u_phy|rx_syncstatus[0]" -section_id auto_signaltap_0
set_instance_assignment -name CONNECT_TO_SLD_NODE_ENTITY_PORT acq_data_in[71] -to "Transceiver_Native_PHY:u_phy|rx_syncstatus[1]" -section_id auto_signaltap_0
set_instance_assignment -name CONNECT_TO_SLD_NODE_ENTITY_PORT acq_data_in[72] -to "Transceiver_Native_PHY:u_phy|rx_syncstatus[2]" -section_id auto_signaltap_0
set_instance_assignment -name CONNECT_TO_SLD_NODE_ENTITY_PORT acq_data_in[73] -to "Transceiver_Native_PHY:u_phy|rx_syncstatus[3]" -section_id auto_signaltap_0
set_instance_assignment -name CONNECT_TO_SLD_NODE_ENTITY_PORT acq_data_in[74] -to "Transceiver_Native_PHY:u_phy|rx_syncstatus[4]" -section_id auto_signaltap_0
set_instance_assignment -name CONNECT_TO_SLD_NODE_ENTITY_PORT acq_data_in[75] -to "Transceiver_Native_PHY:u_phy|rx_syncstatus[5]" -section_id auto_signaltap_0
set_instance_assignment -name CONNECT_TO_SLD_NODE_ENTITY_PORT acq_data_in[76] -to "Transceiver_Native_PHY:u_phy|rx_syncstatus[6]" -section_id auto_signaltap_0
set_instance_assignment -name CONNECT_TO_SLD_NODE_ENTITY_PORT acq_data_in[77] -to "Transceiver_Native_PHY:u_phy|rx_syncstatus[7]" -section_id auto_signaltap_0
set_instance_assignment -name CONNECT_TO_SLD_NODE_ENTITY_PORT acq_data_in[78] -to "Transceiver_Native_PHY:u_phy|tx_datak[0]" -section_id auto_signaltap_0
set_instance_assignment -name CONNECT_TO_SLD_NODE_ENTITY_PORT acq_data_in[79] -to "Transceiver_Native_PHY:u_phy|tx_datak[1]" -section_id auto_signaltap_0
set_instance_assignment -name CONNECT_TO_SLD_NODE_ENTITY_PORT acq_data_in[80] -to "Transceiver_Native_PHY:u_phy|tx_datak[2]" -section_id auto_signaltap_0
set_instance_assignment -name CONNECT_TO_SLD_NODE_ENTITY_PORT acq_data_in[81] -to "Transceiver_Native_PHY:u_phy|tx_datak[3]" -section_id auto_signaltap_0
set_instance_assignment -name CONNECT_TO_SLD_NODE_ENTITY_PORT acq_data_in[82] -to "Transceiver_Native_PHY:u_phy|tx_datak[4]" -section_id auto_signaltap_0
set_instance_assignment -name CONNECT_TO_SLD_NODE_ENTITY_PORT acq_data_in[83] -to "Transceiver_Native_PHY:u_phy|tx_datak[5]" -section_id auto_signaltap_0
set_instance_assignment -name CONNECT_TO_SLD_NODE_ENTITY_PORT acq_data_in[84] -to "Transceiver_Native_PHY:u_phy|tx_datak[6]" -section_id auto_signaltap_0
set_instance_assignment -name CONNECT_TO_SLD_NODE_ENTITY_PORT acq_data_in[85] -to "Transceiver_Native_PHY:u_phy|tx_datak[7]" -section_id auto_signaltap_0
set_instance_assignment -name CONNECT_TO_SLD_NODE_ENTITY_PORT acq_data_in[86] -to "Transceiver_Native_PHY:u_phy|tx_parallel_data[16]" -section_id auto_signaltap_0
set_instance_assignment -name CONNECT_TO_SLD_NODE_ENTITY_PORT acq_data_in[87] -to "Transceiver_Native_PHY:u_phy|tx_parallel_data[17]" -section_id auto_signaltap_0
set_instance_assignment -name CONNECT_TO_SLD_NODE_ENTITY_PORT acq_data_in[88] -to "Transceiver_Native_PHY:u_phy|tx_parallel_data[18]" -section_id auto_signaltap_0
set_instance_assignment -name CONNECT_TO_SLD_NODE_ENTITY_PORT acq_data_in[89] -to "Transceiver_Native_PHY:u_phy|tx_parallel_data[19]" -section_id auto_signaltap_0
set_instance_assignment -name CONNECT_TO_SLD_NODE_ENTITY_PORT acq_data_in[90] -to "Transceiver_Native_PHY:u_phy|tx_parallel_data[20]" -section_id auto_signaltap_0
set_instance_assignment -name CONNECT_TO_SLD_NODE_ENTITY_PORT acq_data_in[91] -to "Transceiver_Native_PHY:u_phy|tx_parallel_data[21]" -section_id auto_signaltap_0
set_instance_assignment -name CONNECT_TO_SLD_NODE_ENTITY_PORT acq_data_in[92] -to "Transceiver_Native_PHY:u_phy|tx_parallel_data[22]" -section_id auto_signaltap_0
set_instance_assignment -name CONNECT_TO_SLD_NODE_ENTITY_PORT acq_data_in[93] -to "Transceiver_Native_PHY:u_phy|tx_parallel_data[23]" -section_id auto_signaltap_0
set_instance_assignment -name CONNECT_TO_SLD_NODE_ENTITY_PORT acq_data_in[94] -to "Transceiver_Native_PHY:u_phy|tx_parallel_data[24]" -section_id auto_signaltap_0
set_instance_assignment -name CONNECT_TO_SLD_NODE_ENTITY_PORT acq_data_in[95] -to "Transceiver_Native_PHY:u_phy|tx_parallel_data[25]" -section_id auto_signaltap_0
set_instance_assignment -name CONNECT_TO_SLD_NODE_ENTITY_PORT acq_data_in[96] -to "Transceiver_Native_PHY:u_phy|tx_parallel_data[26]" -section_id auto_signaltap_0
set_instance_assignment -name CONNECT_TO_SLD_NODE_ENTITY_PORT acq_data_in[97] -to "Transceiver_Native_PHY:u_phy|tx_parallel_data[27]" -section_id auto_signaltap_0
set_instance_assignment -name CONNECT_TO_SLD_NODE_ENTITY_PORT acq_data_in[98] -to "Transceiver_Native_PHY:u_phy|tx_parallel_data[28]" -section_id auto_signaltap_0
set_instance_assignment -name CONNECT_TO_SLD_NODE_ENTITY_PORT acq_data_in[99] -to "Transceiver_Native_PHY:u_phy|tx_parallel_data[29]" -section_id auto_signaltap_0
set_instance_assignment -name CONNECT_TO_SLD_NODE_ENTITY_PORT acq_data_in[100] -to "Transceiver_Native_PHY:u_phy|tx_parallel_data[30]" -section_id auto_signaltap_0
set_instance_assignment -name CONNECT_TO_SLD_NODE_ENTITY_PORT acq_data_in[101] -to "Transceiver_Native_PHY:u_phy|tx_parallel_data[31]" -section_id auto_signaltap_0
set_instance_assignment -name CONNECT_TO_SLD_NODE_ENTITY_PORT acq_data_in[102] -to "Transceiver_Native_PHY:u_phy|tx_parallel_data[32]" -section_id auto_signaltap_0
set_instance_assignment -name CONNECT_TO_SLD_NODE_ENTITY_PORT acq_data_in[103] -to "Transceiver_Native_PHY:u_phy|tx_parallel_data[33]" -section_id auto_signaltap_0
set_instance_assignment -name CONNECT_TO_SLD_NODE_ENTITY_PORT acq_data_in[104] -to "Transceiver_Native_PHY:u_phy|tx_parallel_data[34]" -section_id auto_signaltap_0
set_instance_assignment -name CONNECT_TO_SLD_NODE_ENTITY_PORT acq_data_in[105] -to "Transceiver_Native_PHY:u_phy|tx_parallel_data[35]" -section_id auto_signaltap_0
set_instance_assignment -name CONNECT_TO_SLD_NODE_ENTITY_PORT acq_data_in[106] -to "Transceiver_Native_PHY:u_phy|tx_parallel_data[36]" -section_id auto_signaltap_0
set_instance_assignment -name CONNECT_TO_SLD_NODE_ENTITY_PORT acq_data_in[107] -to "Transceiver_Native_PHY:u_phy|tx_parallel_data[37]" -section_id auto_signaltap_0
set_instance_assignment -name CONNECT_TO_SLD_NODE_ENTITY_PORT acq_data_in[108] -to "Transceiver_Native_PHY:u_phy|tx_parallel_data[38]" -section_id auto_signaltap_0
set_instance_assignment -name CONNECT_TO_SLD_NODE_ENTITY_PORT acq_data_in[109] -to "Transceiver_Native_PHY:u_phy|tx_parallel_data[39]" -section_id auto_signaltap_0
set_instance_assignment -name CONNECT_TO_SLD_NODE_ENTITY_PORT acq_data_in[110] -to "Transceiver_Native_PHY:u_phy|tx_parallel_data[40]" -section_id auto_signaltap_0
set_instance_assignment -name CONNECT_TO_SLD_NODE_ENTITY_PORT acq_data_in[111] -to "Transceiver_Native_PHY:u_phy|tx_parallel_data[41]" -section_id auto_signaltap_0
set_instance_assignment -name CONNECT_TO_SLD_NODE_ENTITY_PORT acq_data_in[112] -to "Transceiver_Native_PHY:u_phy|tx_parallel_data[42]" -section_id auto_signaltap_0
set_instance_assignment -name CONNECT_TO_SLD_NODE_ENTITY_PORT acq_data_in[113] -to "Transceiver_Native_PHY:u_phy|tx_parallel_data[43]" -section_id auto_signaltap_0
set_instance_assignment -name CONNECT_TO_SLD_NODE_ENTITY_PORT acq_data_in[114] -to "Transceiver_Native_PHY:u_phy|tx_parallel_data[44]" -section_id auto_signaltap_0
set_instance_assignment -name CONNECT_TO_SLD_NODE_ENTITY_PORT acq_data_in[115] -to "Transceiver_Native_PHY:u_phy|tx_parallel_data[45]" -section_id auto_signaltap_0
set_instance_assignment -name CONNECT_TO_SLD_NODE_ENTITY_PORT acq_data_in[116] -to "Transceiver_Native_PHY:u_phy|tx_parallel_data[46]" -section_id auto_signaltap_0
set_instance_assignment -name CONNECT_TO_SLD_NODE_ENTITY_PORT acq_data_in[117] -to "Transceiver_Native_PHY:u_phy|tx_parallel_data[47]" -section_id auto_signaltap_0
set_instance_assignment -name CONNECT_TO_SLD_NODE_ENTITY_PORT acq_data_in[118] -to "Transceiver_Native_PHY:u_phy|tx_parallel_data[48]" -section_id auto_signaltap_0
set_instance_assignment -name CONNECT_TO_SLD_NODE_ENTITY_PORT acq_data_in[119] -to "Transceiver_Native_PHY:u_phy|tx_parallel_data[49]" -section_id auto_signaltap_0
set_instance_assignment -name CONNECT_TO_SLD_NODE_ENTITY_PORT acq_data_in[120] -to "Transceiver_Native_PHY:u_phy|tx_parallel_data[50]" -section_id auto_signaltap_0
set_instance_assignment -name CONNECT_TO_SLD_NODE_ENTITY_PORT acq_data_in[121] -to "Transceiver_Native_PHY:u_phy|tx_parallel_data[51]" -section_id auto_signaltap_0
set_instance_assignment -name CONNECT_TO_SLD_NODE_ENTITY_PORT acq_data_in[122] -to "Transceiver_Native_PHY:u_phy|tx_parallel_data[52]" -section_id auto_signaltap_0
set_instance_assignment -name CONNECT_TO_SLD_NODE_ENTITY_PORT acq_data_in[123] -to "Transceiver_Native_PHY:u_phy|tx_parallel_data[53]" -section_id auto_signaltap_0
set_instance_assignment -name CONNECT_TO_SLD_NODE_ENTITY_PORT acq_data_in[124] -to "Transceiver_Native_PHY:u_phy|tx_parallel_data[54]" -section_id auto_signaltap_0
set_instance_assignment -name CONNECT_TO_SLD_NODE_ENTITY_PORT acq_data_in[125] -to "Transceiver_Native_PHY:u_phy|tx_parallel_data[55]" -section_id auto_signaltap_0
set_instance_assignment -name CONNECT_TO_SLD_NODE_ENTITY_PORT acq_data_in[126] -to "Transceiver_Native_PHY:u_phy|tx_parallel_data[56]" -section_id auto_signaltap_0
set_instance_assignment -name CONNECT_TO_SLD_NODE_ENTITY_PORT acq_data_in[127] -to "Transceiver_Native_PHY:u_phy|tx_parallel_data[57]" -section_id auto_signaltap_0
set_instance_assignment -name CONNECT_TO_SLD_NODE_ENTITY_PORT acq_data_in[128] -to "Transceiver_Native_PHY:u_phy|tx_parallel_data[58]" -section_id auto_signaltap_0
set_instance_assignment -name CONNECT_TO_SLD_NODE_ENTITY_PORT acq_data_in[129] -to "Transceiver_Native_PHY:u_phy|tx_parallel_data[59]" -section_id auto_signaltap_0
set_instance_assignment -name CONNECT_TO_SLD_NODE_ENTITY_PORT acq_data_in[130] -to "Transceiver_Native_PHY:u_phy|tx_parallel_data[60]" -section_id auto_signaltap_0
set_instance_assignment -name CONNECT_TO_SLD_NODE_ENTITY_PORT acq_data_in[131] -to "Transceiver_Native_PHY:u_phy|tx_parallel_data[61]" -section_id auto_signaltap_0
set_instance_assignment -name CONNECT_TO_SLD_NODE_ENTITY_PORT acq_data_in[132] -to "Transceiver_Native_PHY:u_phy|tx_parallel_data[62]" -section_id auto_signaltap_0
set_instance_assignment -name CONNECT_TO_SLD_NODE_ENTITY_PORT acq_data_in[133] -to "Transceiver_Native_PHY:u_phy|tx_parallel_data[63]" -section_id auto_signaltap_0
set_global_assignment -name SLD_NODE_PARAMETER_ASSIGNMENT "SLD_DATA_BITS=134" -section_id auto_signaltap_0
set_global_assignment -name SLD_NODE_PARAMETER_ASSIGNMENT "SLD_TRIGGER_BITS=134" -section_id auto_signaltap_0
set_global_assignment -name SLD_NODE_PARAMETER_ASSIGNMENT "SLD_STORAGE_QUALIFIER_BITS=134" -section_id auto_signaltap_0
set_global_assignment -name SLD_NODE_PARAMETER_ASSIGNMENT "SLD_INVERSION_MASK=000000000000000000000000000000000000000000000000000000000000000000000000000000000000000000000000000000000000000000000000000000000000000000000000000000000000000000000000000000000000000000000000000000000000000000000000000000000000000000000000000000000000000000000000000000000000000000000000000000000000000000000000000000000000000000000000000000000000000000000000000000000000000000000000000000000000000000000000000000000000000000" -section_id auto_signaltap_0
set_global_assignment -name SLD_NODE_PARAMETER_ASSIGNMENT "SLD_INVERSION_MASK_LENGTH=426" -section_id auto_signaltap_0
set_instance_assignment -name POST_FIT_CONNECT_TO_SLD_NODE_ENTITY_PORT crc[2] -to auto_signaltap_0|vcc -section_id auto_signaltap_0
set_instance_assignment -name POST_FIT_CONNECT_TO_SLD_NODE_ENTITY_PORT crc[3] -to auto_signaltap_0|gnd -section_id auto_signaltap_0
set_instance_assignment -name POST_FIT_CONNECT_TO_SLD_NODE_ENTITY_PORT crc[4] -to auto_signaltap_0|vcc -section_id auto_signaltap_0
set_instance_assignment -name POST_FIT_CONNECT_TO_SLD_NODE_ENTITY_PORT crc[5] -to auto_signaltap_0|gnd -section_id auto_signaltap_0
set_instance_assignment -name POST_FIT_CONNECT_TO_SLD_NODE_ENTITY_PORT crc[7] -to auto_signaltap_0|gnd -section_id auto_signaltap_0
set_instance_assignment -name POST_FIT_CONNECT_TO_SLD_NODE_ENTITY_PORT crc[8] -to auto_signaltap_0|vcc -section_id auto_signaltap_0
set_instance_assignment -name POST_FIT_CONNECT_TO_SLD_NODE_ENTITY_PORT crc[9] -to auto_signaltap_0|vcc -section_id auto_signaltap_0
set_instance_assignment -name POST_FIT_CONNECT_TO_SLD_NODE_ENTITY_PORT crc[10] -to auto_signaltap_0|gnd -section_id auto_signaltap_0
set_instance_assignment -name POST_FIT_CONNECT_TO_SLD_NODE_ENTITY_PORT crc[11] -to auto_signaltap_0|gnd -section_id auto_signaltap_0
set_instance_assignment -name POST_FIT_CONNECT_TO_SLD_NODE_ENTITY_PORT crc[13] -to auto_signaltap_0|gnd -section_id auto_signaltap_0
set_instance_assignment -name POST_FIT_CONNECT_TO_SLD_NODE_ENTITY_PORT crc[14] -to auto_signaltap_0|vcc -section_id auto_signaltap_0
set_instance_assignment -name POST_FIT_CONNECT_TO_SLD_NODE_ENTITY_PORT crc[15] -to auto_signaltap_0|gnd -section_id auto_signaltap_0
set_instance_assignment -name POST_FIT_CONNECT_TO_SLD_NODE_ENTITY_PORT crc[17] -to auto_signaltap_0|gnd -section_id auto_signaltap_0
set_instance_assignment -name POST_FIT_CONNECT_TO_SLD_NODE_ENTITY_PORT crc[19] -to auto_signaltap_0|gnd -section_id auto_signaltap_0
set_instance_assignment -name POST_FIT_CONNECT_TO_SLD_NODE_ENTITY_PORT crc[20] -to auto_signaltap_0|vcc -section_id auto_signaltap_0
set_instance_assignment -name POST_FIT_CONNECT_TO_SLD_NODE_ENTITY_PORT crc[21] -to auto_signaltap_0|gnd -section_id auto_signaltap_0
set_instance_assignment -name POST_FIT_CONNECT_TO_SLD_NODE_ENTITY_PORT crc[22] -to auto_signaltap_0|vcc -section_id auto_signaltap_0
set_instance_assignment -name POST_FIT_CONNECT_TO_SLD_NODE_ENTITY_PORT crc[24] -to auto_signaltap_0|gnd -section_id auto_signaltap_0
set_instance_assignment -name POST_FIT_CONNECT_TO_SLD_NODE_ENTITY_PORT crc[27] -to auto_signaltap_0|vcc -section_id auto_signaltap_0
set_instance_assignment -name POST_FIT_CONNECT_TO_SLD_NODE_ENTITY_PORT crc[28] -to auto_signaltap_0|vcc -section_id auto_signaltap_0
set_instance_assignment -name PARTITION_HIERARCHY root_partition -to | -section_id Top
set_global_assignment -name SLD_FILE db/stp3_auto_stripped.stp